
Microsoft Visual Studio Solution File, Format Version 12.00
# Visual Studio Version 17
VisualStudioVersion = 17.12.35527.113 d17.12
MinimumVisualStudioVersion = 10.0.40219.1
Project("{FAE04EC0-301F-11D3-BF4B-00C04F79EFBC}") = "CozeNet", "CozeNet\CozeNet.csproj", "{89399F38-02EF-4391-90F6-6FEFB30CC16F}"
EndProject
Project("{FAE04EC0-301F-11D3-BF4B-00C04F79EFBC}") = "Test", "Test\Test.csproj", "{EDCA8E04-0B85-4DEB-ACE9-B6C46A333734}"
EndProject
Project("{FAE04EC0-301F-11D3-BF4B-00C04F79EFBC}") = "CozeNet.AspNetCore", "CozeNet.AspNetCore\CozeNet.AspNetCore.csproj", "{23F7F8D1-D6EE-4AED-B3FF-29F79DFEE0FB}"
EndProject
Global
	GlobalSection(SolutionConfigurationPlatforms) = preSolution
		Debug|Any CPU = Debug|Any CPU
		Release|Any CPU = Release|Any CPU
	EndGlobalSection
	GlobalSection(ProjectConfigurationPlatforms) = postSolution
		{89399F38-02EF-4391-90F6-6FEFB30CC16F}.Debug|Any CPU.ActiveCfg = Debug|Any CPU
		{89399F38-02EF-4391-90F6-6FEFB30CC16F}.Debug|Any CPU.Build.0 = Debug|Any CPU
		{89399F38-02EF-4391-90F6-6FEFB30CC16F}.Release|Any CPU.ActiveCfg = Release|Any CPU
		{89399F38-02EF-4391-90F6-6FEFB30CC16F}.Release|Any CPU.Build.0 = Release|Any CPU
		{EDCA8E04-0B85-4DEB-ACE9-B6C46A333734}.Debug|Any CPU.ActiveCfg = Debug|Any CPU
		{EDCA8E04-0B85-4DEB-ACE9-B6C46A333734}.Debug|Any CPU.Build.0 = Debug|Any CPU
		{EDCA8E04-0B85-4DEB-ACE9-B6C46A333734}.Release|Any CPU.ActiveCfg = Release|Any CPU
		{EDCA8E04-0B85-4DEB-ACE9-B6C46A333734}.Release|Any CPU.Build.0 = Release|Any CPU
		{23F7F8D1-D6EE-4AED-B3FF-29F79DFEE0FB}.Debug|Any CPU.ActiveCfg = Debug|Any CPU
		{23F7F8D1-D6EE-4AED-B3FF-29F79DFEE0FB}.Debug|Any CPU.Build.0 = Debug|Any CPU
		{23F7F8D1-D6EE-4AED-B3FF-29F79DFEE0FB}.Release|Any CPU.ActiveCfg = Release|Any CPU
		{23F7F8D1-D6EE-4AED-B3FF-29F79DFEE0FB}.Release|Any CPU.Build.0 = Release|Any CPU
	EndGlobalSection
	GlobalSection(SolutionProperties) = preSolution
		HideSolutionNode = FALSE
	EndGlobalSection
EndGlobal
